
Microsoft Visual Studio Solution File, Format Version 12.00
# Visual Studio Version 17
VisualStudioVersion = 17.5.33530.505
MinimumVisualStudioVersion = 10.0.40219.1
Project("{9A19103F-16F7-4668-BE54-9A1E7A4F7556}") = "ApiServerDemo", "ApiServerDemo\ApiServerDemo.csproj", "{C3EE9B91-5628-47CD-9017-7FD08223D7CC}"
EndProject
Project("{9A19103F-16F7-4668-BE54-9A1E7A4F7556}") = "ApiDemoShared", "ApiDemoShared\ApiDemoShared.csproj", "{5848581E-5272-4A27-A063-B34E18681DA4}"
EndProject
Project("{FAE04EC0-301F-11D3-BF4B-00C04F79EFBC}") = "ApiDashboard", "ApiDashboard\ApiDashboard.csproj", "{BE6CA343-361E-4261-9466-798222350ED0}"
EndProject
Global
	GlobalSection(SolutionConfigurationPlatforms) = preSolution
		Debug|Any CPU = Debug|Any CPU
		Release|Any CPU = Release|Any CPU
	EndGlobalSection
	GlobalSection(ProjectConfigurationPlatforms) = postSolution
		{C3EE9B91-5628-47CD-9017-7FD08223D7CC}.Debug|Any CPU.ActiveCfg = Debug|Any CPU
		{C3EE9B91-5628-47CD-9017-7FD08223D7CC}.Debug|Any CPU.Build.0 = Debug|Any CPU
		{C3EE9B91-5628-47CD-9017-7FD08223D7CC}.Release|Any CPU.ActiveCfg = Release|Any CPU
		{C3EE9B91-5628-47CD-9017-7FD08223D7CC}.Release|Any CPU.Build.0 = Release|Any CPU
		{5848581E-5272-4A27-A063-B34E18681DA4}.Debug|Any CPU.ActiveCfg = Debug|Any CPU
		{5848581E-5272-4A27-A063-B34E18681DA4}.Debug|Any CPU.Build.0 = Debug|Any CPU
		{5848581E-5272-4A27-A063-B34E18681DA4}.Release|Any CPU.ActiveCfg = Release|Any CPU
		{5848581E-5272-4A27-A063-B34E18681DA4}.Release|Any CPU.Build.0 = Release|Any CPU
		{BE6CA343-361E-4261-9466-798222350ED0}.Debug|Any CPU.ActiveCfg = Debug|Any CPU
		{BE6CA343-361E-4261-9466-798222350ED0}.Debug|Any CPU.Build.0 = Debug|Any CPU
		{BE6CA343-361E-4261-9466-798222350ED0}.Release|Any CPU.ActiveCfg = Release|Any CPU
		{BE6CA343-361E-4261-9466-798222350ED0}.Release|Any CPU.Build.0 = Release|Any CPU
	EndGlobalSection
	GlobalSection(SolutionProperties) = preSolution
		HideSolutionNode = FALSE
	EndGlobalSection
	GlobalSection(ExtensibilityGlobals) = postSolution
		SolutionGuid = {16DDA500-DF39-4D77-870A-45C4586E0B34}
	EndGlobalSection
EndGlobal
